# THIS IS AN AUTOGENERATED FILE. DO NOT EDIT THIS FILE DIRECTLY.
# yarn lockfile v1


highlight.js@^10.4.0:
  version "10.4.0"
  resolved "https://registry.yarnpkg.com/highlight.js/-/highlight.js-10.4.0.tgz#ef3ce475e5dfa7a48484260b49ea242ddab823a0"
  integrity sha512-EfrUGcQ63oLJbj0J0RI9ebX6TAITbsDBLbsjr881L/X5fMO9+oadKzEF21C7R3ULKG6Gv3uoab2HiqVJa/4+oA==
